
Microsoft Visual Studio Solution File, Format Version 11.00
# Visual Studio 2010
Project("{FAE04EC0-301F-11D3-BF4B-00C04F79EFBC}") = "WhiteBorad", "WhiteBorad\WhiteBorad.csproj", "{6FC6474D-572B-4120-AF40-E45FB052A1BA}"
EndProject
Project("{FAE04EC0-301F-11D3-BF4B-00C04F79EFBC}") = "WhiteBorad.Tests", "WhiteBorad.Tests\WhiteBorad.Tests.csproj", "{074411E9-2AD9-42CF-9B1E-4C33AD74202F}"
EndProject
Global
	GlobalSection(SolutionConfigurationPlatforms) = preSolution
		Debug|Any CPU = Debug|Any CPU
		Release|Any CPU = Release|Any CPU
	EndGlobalSection
	GlobalSection(ProjectConfigurationPlatforms) = postSolution
		{6FC6474D-572B-4120-AF40-E45FB052A1BA}.Debug|Any CPU.ActiveCfg = Debug|Any CPU
		{6FC6474D-572B-4120-AF40-E45FB052A1BA}.Debug|Any CPU.Build.0 = Debug|Any CPU
		{6FC6474D-572B-4120-AF40-E45FB052A1BA}.Release|Any CPU.ActiveCfg = Release|Any CPU
		{6FC6474D-572B-4120-AF40-E45FB052A1BA}.Release|Any CPU.Build.0 = Release|Any CPU
		{074411E9-2AD9-42CF-9B1E-4C33AD74202F}.Debug|Any CPU.ActiveCfg = Debug|Any CPU
		{074411E9-2AD9-42CF-9B1E-4C33AD74202F}.Debug|Any CPU.Build.0 = Debug|Any CPU
		{074411E9-2AD9-42CF-9B1E-4C33AD74202F}.Release|Any CPU.ActiveCfg = Release|Any CPU
		{074411E9-2AD9-42CF-9B1E-4C33AD74202F}.Release|Any CPU.Build.0 = Release|Any CPU
	EndGlobalSection
	GlobalSection(SolutionProperties) = preSolution
		HideSolutionNode = FALSE
	EndGlobalSection
EndGlobal
